
Microsoft Visual Studio Solution File, Format Version 12.00
# Visual Studio Version 16
VisualStudioVersion = 16.0.29209.62
MinimumVisualStudioVersion = 10.0.40219.1
Project("{2150E333-8FDC-42A3-9474-1A3956D46DE8}") = "API 1", "API 1", "{1700238E-00F0-42E1-B40C-A6CA2DACB935}"
EndProject
Project("{2150E333-8FDC-42A3-9474-1A3956D46DE8}") = "API 2", "API 2", "{567E0DE4-D343-4BA5-A9AC-16CAB636B753}"
EndProject
Project("{9A19103F-16F7-4668-BE54-9A1E7A4F7556}") = "Softplan.CalcTest.InterestRateApi", "Softplan.CalcTest.InterestRateApi\Softplan.CalcTest.InterestRateApi.csproj", "{60DED705-86DE-49AF-A80A-1D556865767F}"
EndProject
Project("{9A19103F-16F7-4668-BE54-9A1E7A4F7556}") = "Softplan.CalcTest.CalculateInterestApi", "Softplan.CalcTest.CalculateInterestApi\Softplan.CalcTest.CalculateInterestApi.csproj", "{ED750DED-C6F8-47B9-AB6D-C204757678DB}"
EndProject
Project("{9A19103F-16F7-4668-BE54-9A1E7A4F7556}") = "Softplan.CalcTest.CalculateInterestApi.Tests", "Softplan.CalcTest.CalculateInterestApi.Tests\Softplan.CalcTest.CalculateInterestApi.Tests.csproj", "{E64BFBDE-1557-4C0E-9B6B-6CBC22688768}"
EndProject
Project("{FAE04EC0-301F-11D3-BF4B-00C04F79EFBC}") = "Softplan.CalcTest.InterestRateApi.Tests", "Softplan.CalcTest.InterestRateApi.Tests\Softplan.CalcTest.InterestRateApi.Tests.csproj", "{5769D99D-908F-4715-BADC-F9AD3B8B3F9F}"
EndProject
Global
	GlobalSection(SolutionConfigurationPlatforms) = preSolution
		Debug|Any CPU = Debug|Any CPU
		Release|Any CPU = Release|Any CPU
	EndGlobalSection
	GlobalSection(ProjectConfigurationPlatforms) = postSolution
		{60DED705-86DE-49AF-A80A-1D556865767F}.Debug|Any CPU.ActiveCfg = Debug|Any CPU
		{60DED705-86DE-49AF-A80A-1D556865767F}.Debug|Any CPU.Build.0 = Debug|Any CPU
		{60DED705-86DE-49AF-A80A-1D556865767F}.Release|Any CPU.ActiveCfg = Release|Any CPU
		{60DED705-86DE-49AF-A80A-1D556865767F}.Release|Any CPU.Build.0 = Release|Any CPU
		{ED750DED-C6F8-47B9-AB6D-C204757678DB}.Debug|Any CPU.ActiveCfg = Debug|Any CPU
		{ED750DED-C6F8-47B9-AB6D-C204757678DB}.Debug|Any CPU.Build.0 = Debug|Any CPU
		{ED750DED-C6F8-47B9-AB6D-C204757678DB}.Release|Any CPU.ActiveCfg = Release|Any CPU
		{ED750DED-C6F8-47B9-AB6D-C204757678DB}.Release|Any CPU.Build.0 = Release|Any CPU
		{E64BFBDE-1557-4C0E-9B6B-6CBC22688768}.Debug|Any CPU.ActiveCfg = Debug|Any CPU
		{E64BFBDE-1557-4C0E-9B6B-6CBC22688768}.Debug|Any CPU.Build.0 = Debug|Any CPU
		{E64BFBDE-1557-4C0E-9B6B-6CBC22688768}.Release|Any CPU.ActiveCfg = Release|Any CPU
		{E64BFBDE-1557-4C0E-9B6B-6CBC22688768}.Release|Any CPU.Build.0 = Release|Any CPU
		{5769D99D-908F-4715-BADC-F9AD3B8B3F9F}.Debug|Any CPU.ActiveCfg = Debug|Any CPU
		{5769D99D-908F-4715-BADC-F9AD3B8B3F9F}.Debug|Any CPU.Build.0 = Debug|Any CPU
		{5769D99D-908F-4715-BADC-F9AD3B8B3F9F}.Release|Any CPU.ActiveCfg = Release|Any CPU
		{5769D99D-908F-4715-BADC-F9AD3B8B3F9F}.Release|Any CPU.Build.0 = Release|Any CPU
	EndGlobalSection
	GlobalSection(SolutionProperties) = preSolution
		HideSolutionNode = FALSE
	EndGlobalSection
	GlobalSection(NestedProjects) = preSolution
		{60DED705-86DE-49AF-A80A-1D556865767F} = {1700238E-00F0-42E1-B40C-A6CA2DACB935}
		{ED750DED-C6F8-47B9-AB6D-C204757678DB} = {567E0DE4-D343-4BA5-A9AC-16CAB636B753}
		{E64BFBDE-1557-4C0E-9B6B-6CBC22688768} = {567E0DE4-D343-4BA5-A9AC-16CAB636B753}
		{5769D99D-908F-4715-BADC-F9AD3B8B3F9F} = {1700238E-00F0-42E1-B40C-A6CA2DACB935}
	EndGlobalSection
	GlobalSection(ExtensibilityGlobals) = postSolution
		SolutionGuid = {53A6B7AB-230E-4755-B4F8-B744C9783EAD}
	EndGlobalSection
EndGlobal
